
Microsoft Visual Studio Solution File, Format Version 12.00
# Visual Studio 15
VisualStudioVersion = 15.0.28307.1778
MinimumVisualStudioVersion = 10.0.40219.1
Project("{2150E333-8FDC-42A3-9474-1A3956D46DE8}") = "tests", "tests", "{BCC543B5-0D4A-4869-8B21-A114FB4A422B}"
EndProject
Project("{9A19103F-16F7-4668-BE54-9A1E7A4F7556}") = "DesafioWoop.GestaoSeguranca.Tests", "DesafioWoop.GestaoSeguranca.Tests\DesafioWoop.GestaoSeguranca.Tests.csproj", "{E0042E9F-1E75-4932-B912-64A6199C19F5}"
EndProject
Project("{9A19103F-16F7-4668-BE54-9A1E7A4F7556}") = "DesafioWoop.GestaoSeguranca.API", "DesafioWoop.GestaoSeguranca.API\DesafioWoop.GestaoSeguranca.API.csproj", "{C2DC1384-BA41-40AE-8E76-B830BBFC9B99}"
EndProject
Global
	GlobalSection(SolutionConfigurationPlatforms) = preSolution
		Debug|Any CPU = Debug|Any CPU
		Release|Any CPU = Release|Any CPU
	EndGlobalSection
	GlobalSection(ProjectConfigurationPlatforms) = postSolution
		{E0042E9F-1E75-4932-B912-64A6199C19F5}.Debug|Any CPU.ActiveCfg = Debug|Any CPU
		{E0042E9F-1E75-4932-B912-64A6199C19F5}.Debug|Any CPU.Build.0 = Debug|Any CPU
		{E0042E9F-1E75-4932-B912-64A6199C19F5}.Release|Any CPU.ActiveCfg = Release|Any CPU
		{E0042E9F-1E75-4932-B912-64A6199C19F5}.Release|Any CPU.Build.0 = Release|Any CPU
		{C2DC1384-BA41-40AE-8E76-B830BBFC9B99}.Debug|Any CPU.ActiveCfg = Debug|Any CPU
		{C2DC1384-BA41-40AE-8E76-B830BBFC9B99}.Debug|Any CPU.Build.0 = Debug|Any CPU
		{C2DC1384-BA41-40AE-8E76-B830BBFC9B99}.Release|Any CPU.ActiveCfg = Release|Any CPU
		{C2DC1384-BA41-40AE-8E76-B830BBFC9B99}.Release|Any CPU.Build.0 = Release|Any CPU
	EndGlobalSection
	GlobalSection(SolutionProperties) = preSolution
		HideSolutionNode = FALSE
	EndGlobalSection
	GlobalSection(NestedProjects) = preSolution
		{E0042E9F-1E75-4932-B912-64A6199C19F5} = {BCC543B5-0D4A-4869-8B21-A114FB4A422B}
	EndGlobalSection
	GlobalSection(ExtensibilityGlobals) = postSolution
		SolutionGuid = {12EC4FF5-DA7D-4EEE-B180-D8A8267800D5}
	EndGlobalSection
EndGlobal
